
Microsoft Visual Studio Solution File, Format Version 12.00
# Visual Studio 2012
Project("{FAE04EC0-301F-11D3-BF4B-00C04F79EFBC}") = "Linq-example", "Linq-example\Linq-example.csproj", "{C447F454-AD69-4018-B450-A4A8CE26655F}"
EndProject
Global
	GlobalSection(SolutionConfigurationPlatforms) = preSolution
		Debug|Any CPU = Debug|Any CPU
		Release|Any CPU = Release|Any CPU
	EndGlobalSection
	GlobalSection(ProjectConfigurationPlatforms) = postSolution
		{C447F454-AD69-4018-B450-A4A8CE26655F}.Debug|Any CPU.ActiveCfg = Debug|Any CPU
		{C447F454-AD69-4018-B450-A4A8CE26655F}.Debug|Any CPU.Build.0 = Debug|Any CPU
		{C447F454-AD69-4018-B450-A4A8CE26655F}.Release|Any CPU.ActiveCfg = Release|Any CPU
		{C447F454-AD69-4018-B450-A4A8CE26655F}.Release|Any CPU.Build.0 = Release|Any CPU
	EndGlobalSection
	GlobalSection(SolutionProperties) = preSolution
		HideSolutionNode = FALSE
	EndGlobalSection
EndGlobal
